// !$*UTF8*$!
{
	archiveVersion = 1;
	classes = {
	};
	objectVersion = 55;
	objects = {

/* Begin PBXBuildFile section */
		CEDB30972838F2EC001AA98E /* AppDelegate.swift in Sources */ = {isa = PBXBuildFile; fileRef = CEDB30962838F2EC001AA98E /* AppDelegate.swift */; };
		CEDB30992838F2EC001AA98E /* SceneDelegate.swift in Sources */ = {isa = PBXBuildFile; fileRef = CEDB30982838F2EC001AA98E /* SceneDelegate.swift */; };
		CEDB309B2838F2EC001AA98E /* FeedViewController.swift in Sources */ = {isa = PBXBuildFile; fileRef = CEDB309A2838F2EC001AA98E /* FeedViewController.swift */; };
		CEDB309E2838F2EC001AA98E /* Main.storyboard in Resources */ = {isa = PBXBuildFile; fileRef = CEDB309C2838F2EC001AA98E /* Main.storyboard */; };
		CEDB30A02838F2EE001AA98E /* Assets.xcassets in Resources */ = {isa = PBXBuildFile; fileRef = CEDB309F2838F2EE001AA98E /* Assets.xcassets */; };
		CEDB30A32838F2EE001AA98E /* LaunchScreen.storyboard in Resources */ = {isa = PBXBuildFile; fileRef = CEDB30A12838F2EE001AA98E /* LaunchScreen.storyboard */; };
		CEDB30AB28390EC5001AA98E /* Card.swift in Sources */ = {isa = PBXBuildFile; fileRef = CEDB30AA28390EC5001AA98E /* Card.swift */; };
		CEDB30B028391128001AA98E /* Manager.swift in Sources */ = {isa = PBXBuildFile; fileRef = CEDB30AF28391128001AA98E /* Manager.swift */; };
		CEDB30B228391E8F001AA98E /* TableViewCell.swift in Sources */ = {isa = PBXBuildFile; fileRef = CEDB30B128391E8F001AA98E /* TableViewCell.swift */; };
		CEDB30B428392A96001AA98E /* Constants.swift in Sources */ = {isa = PBXBuildFile; fileRef = CEDB30B328392A96001AA98E /* Constants.swift */; };
		CEDB30BB28395788001AA98E /* DetailsView.swift in Sources */ = {isa = PBXBuildFile; fileRef = CEDB30BA28395788001AA98E /* DetailsView.swift */; };
		CEDB30BD28395799001AA98E /* DetailsView.xib in Resources */ = {isa = PBXBuildFile; fileRef = CEDB30BC28395799001AA98E /* DetailsView.xib */; };
		CEDB30BF2839AEC6001AA98E /* Details.swift in Sources */ = {isa = PBXBuildFile; fileRef = CEDB30BE2839AEC5001AA98E /* Details.swift */; };
		CEDB30C12839B3CF001AA98E /* Configure.swift in Sources */ = {isa = PBXBuildFile; fileRef = CEDB30C02839B3CF001AA98E /* Configure.swift */; };
/* End PBXBuildFile section */

/* Begin PBXFileReference section */
		CEDB30932838F2EC001AA98E /* PracticeFor7egend.app */ = {isa = PBXFileReference; explicitFileType = wrapper.application; includeInIndex = 0; path = PracticeFor7egend.app; sourceTree = BUILT_PRODUCTS_DIR; };
		CEDB30962838F2EC001AA98E /* AppDelegate.swift */ = {isa = PBXFileReference; lastKnownFileType = sourcecode.swift; path = AppDelegate.swift; sourceTree = "<group>"; };
		CEDB30982838F2EC001AA98E /* SceneDelegate.swift */ = {isa = PBXFileReference; lastKnownFileType = sourcecode.swift; path = SceneDelegate.swift; sourceTree = "<group>"; };
		CEDB309A2838F2EC001AA98E /* FeedViewController.swift */ = {isa = PBXFileReference; lastKnownFileType = sourcecode.swift; path = FeedViewController.swift; sourceTree = "<group>"; };
		CEDB309D2838F2EC001AA98E /* Base */ = {isa = PBXFileReference; lastKnownFileType = file.storyboard; name = Base; path = Base.lproj/Main.storyboard; sourceTree = "<group>"; };
		CEDB309F2838F2EE001AA98E /* Assets.xcassets */ = {isa = PBXFileReference; lastKnownFileType = folder.assetcatalog; path = Assets.xcassets; sourceTree = "<group>"; };
		CEDB30A22838F2EE001AA98E /* Base */ = {isa = PBXFileReference; lastKnownFileType = file.storyboard; name = Base; path = Base.lproj/LaunchScreen.storyboard; sourceTree = "<group>"; };
		CEDB30A42838F2EE001AA98E /* Info.plist */ = {isa = PBXFileReference; lastKnownFileType = text.plist.xml; path = Info.plist; sourceTree = "<group>"; };
		CEDB30AA28390EC5001AA98E /* Card.swift */ = {isa = PBXFileReference; lastKnownFileType = sourcecode.swift; path = Card.swift; sourceTree = "<group>"; };
		CEDB30AF28391128001AA98E /* Manager.swift */ = {isa = PBXFileReference; lastKnownFileType = sourcecode.swift; path = Manager.swift; sourceTree = "<group>"; };
		CEDB30B128391E8F001AA98E /* TableViewCell.swift */ = {isa = PBXFileReference; lastKnownFileType = sourcecode.swift; path = TableViewCell.swift; sourceTree = "<group>"; };
		CEDB30B328392A96001AA98E /* Constants.swift */ = {isa = PBXFileReference; lastKnownFileType = sourcecode.swift; path = Constants.swift; sourceTree = "<group>"; };
		CEDB30BA28395788001AA98E /* DetailsView.swift */ = {isa = PBXFileReference; lastKnownFileType = sourcecode.swift; path = DetailsView.swift; sourceTree = "<group>"; };
		CEDB30BC28395799001AA98E /* DetailsView.xib */ = {isa = PBXFileReference; lastKnownFileType = file.xib; path = DetailsView.xib; sourceTree = "<group>"; };
		CEDB30BE2839AEC5001AA98E /* Details.swift */ = {isa = PBXFileReference; lastKnownFileType = sourcecode.swift; path = Details.swift; sourceTree = "<group>"; };
		CEDB30C02839B3CF001AA98E /* Configure.swift */ = {isa = PBXFileReference; lastKnownFileType = sourcecode.swift; path = Configure.swift; sourceTree = "<group>"; };
/* End PBXFileReference section */

/* Begin PBXFrameworksBuildPhase section */
		CEDB30902838F2EC001AA98E /* Frameworks */ = {
			isa = PBXFrameworksBuildPhase;
			buildActionMask = 2147483647;
			files = (
			);
			runOnlyForDeploymentPostprocessing = 0;
		};
/* End PBXFrameworksBuildPhase section */

/* Begin PBXGroup section */
		CEDB308A2838F2EC001AA98E = {
			isa = PBXGroup;
			children = (
				CEDB30952838F2EC001AA98E /* PracticeFor7egend */,
				CEDB30942838F2EC001AA98E /* Products */,
			);
			sourceTree = "<group>";
		};
		CEDB30942838F2EC001AA98E /* Products */ = {
			isa = PBXGroup;
			children = (
				CEDB30932838F2EC001AA98E /* PracticeFor7egend.app */,
			);
			name = Products;
			sourceTree = "<group>";
		};
		CEDB30952838F2EC001AA98E /* PracticeFor7egend */ = {
			isa = PBXGroup;
			children = (
				CEDB30962838F2EC001AA98E /* AppDelegate.swift */,
				CEDB30982838F2EC001AA98E /* SceneDelegate.swift */,
				CEDB30AE28391109001AA98E /* Model */,
				CEDB30B628393480001AA98E /* Controller */,
				CEDB30B528393479001AA98E /* View */,
				CEDB30B928395752001AA98E /* Helpers */,
				CEDB309F2838F2EE001AA98E /* Assets.xcassets */,
				CEDB30A12838F2EE001AA98E /* LaunchScreen.storyboard */,
				CEDB30A42838F2EE001AA98E /* Info.plist */,
			);
			path = PracticeFor7egend;
			sourceTree = "<group>";
		};
		CEDB30AE28391109001AA98E /* Model */ = {
			isa = PBXGroup;
			children = (
				CEDB30AF28391128001AA98E /* Manager.swift */,
				CEDB30C02839B3CF001AA98E /* Configure.swift */,
				CEDB30AA28390EC5001AA98E /* Card.swift */,
				CEDB30BE2839AEC5001AA98E /* Details.swift */,
			);
			path = Model;
			sourceTree = "<group>";
		};
		CEDB30B528393479001AA98E /* View */ = {
			isa = PBXGroup;
			children = (
				CEDB309C2838F2EC001AA98E /* Main.storyboard */,
				CEDB30BC28395799001AA98E /* DetailsView.xib */,
				CEDB30BA28395788001AA98E /* DetailsView.swift */,
				CEDB30B128391E8F001AA98E /* TableViewCell.swift */,
			);
			path = View;
			sourceTree = "<group>";
		};
		CEDB30B628393480001AA98E /* Controller */ = {
			isa = PBXGroup;
			children = (
				CEDB309A2838F2EC001AA98E /* FeedViewController.swift */,
			);
			path = Controller;
			sourceTree = "<group>";
		};
		CEDB30B928395752001AA98E /* Helpers */ = {
			isa = PBXGroup;
			children = (
				CEDB30B328392A96001AA98E /* Constants.swift */,
			);
			path = Helpers;
			sourceTree = "<group>";
		};
/* End PBXGroup section */

/* Begin PBXNativeTarget section */
		CEDB30922838F2EC001AA98E /* PracticeFor7egend */ = {
			isa = PBXNativeTarget;
			buildConfigurationList = CEDB30A72838F2EE001AA98E /* Build configuration list for PBXNativeTarget "PracticeFor7egend" */;
			buildPhases = (
				CEDB308F2838F2EC001AA98E /* Sources */,
				CEDB30902838F2EC001AA98E /* Frameworks */,
				CEDB30912838F2EC001AA98E /* Resources */,
			);
			buildRules = (
			);
			dependencies = (
			);
			name = PracticeFor7egend;
			productName = PracticeFor7egend;
			productReference = CEDB30932838F2EC001AA98E /* PracticeFor7egend.app */;
			productType = "com.apple.product-type.application";
		};
/* End PBXNativeTarget section */

/* Begin PBXProject section */
		CEDB308B2838F2EC001AA98E /* Project object */ = {
			isa = PBXProject;
			attributes = {
				BuildIndependentTargetsInParallel = 1;
				LastSwiftUpdateCheck = 1330;
				LastUpgradeCheck = 1330;
				TargetAttributes = {
					CEDB30922838F2EC001AA98E = {
						CreatedOnToolsVersion = 13.3.1;
					};
				};
			};
			buildConfigurationList = CEDB308E2838F2EC001AA98E /* Build configuration list for PBXProject "PracticeFor7egend" */;
			compatibilityVersion = "Xcode 13.0";
			developmentRegion = en;
			hasScannedForEncodings = 0;
			knownRegions = (
				en,
				Base,
			);
			mainGroup = CEDB308A2838F2EC001AA98E;
			productRefGroup = CEDB30942838F2EC001AA98E /* Products */;
			projectDirPath = "";
			projectRoot = "";
			targets = (
				CEDB30922838F2EC001AA98E /* PracticeFor7egend */,
			);
		};
/* End PBXProject section */

/* Begin PBXResourcesBuildPhase section */
		CEDB30912838F2EC001AA98E /* Resources */ = {
			isa = PBXResourcesBuildPhase;
			buildActionMask = 2147483647;
			files = (
				CEDB30A32838F2EE001AA98E /* LaunchScreen.storyboard in Resources */,
				CEDB30A02838F2EE001AA98E /* Assets.xcassets in Resources */,
				CEDB30BD28395799001AA98E /* DetailsView.xib in Resources */,
				CEDB309E2838F2EC001AA98E /* Main.storyboard in Resources */,
			);
			runOnlyForDeploymentPostprocessing = 0;
		};
/* End PBXResourcesBuildPhase section */

/* Begin PBXSourcesBuildPhase section */
		CEDB308F2838F2EC001AA98E /* Sources */ = {
			isa = PBXSourcesBuildPhase;
			buildActionMask = 2147483647;
			files = (
				CEDB309B2838F2EC001AA98E /* FeedViewController.swift in Sources */,
				CEDB30B028391128001AA98E /* Manager.swift in Sources */,
				CEDB30972838F2EC001AA98E /* AppDelegate.swift in Sources */,
				CEDB30992838F2EC001AA98E /* SceneDelegate.swift in Sources */,
				CEDB30C12839B3CF001AA98E /* Configure.swift in Sources */,
				CEDB30B228391E8F001AA98E /* TableViewCell.swift in Sources */,
				CEDB30BF2839AEC6001AA98E /* Details.swift in Sources */,
				CEDB30AB28390EC5001AA98E /* Card.swift in Sources */,
				CEDB30BB28395788001AA98E /* DetailsView.swift in Sources */,
				CEDB30B428392A96001AA98E /* Constants.swift in Sources */,
			);
			runOnlyForDeploymentPostprocessing = 0;
		};
/* End PBXSourcesBuildPhase section */

/* Begin PBXVariantGroup section */
		CEDB309C2838F2EC001AA98E /* Main.storyboard */ = {
			isa = PBXVariantGroup;
			children = (
				CEDB309D2838F2EC001AA98E /* Base */,
			);
			name = Main.storyboard;
			sourceTree = "<group>";
		};
		CEDB30A12838F2EE001AA98E /* LaunchScreen.storyboard */ = {
			isa = PBXVariantGroup;
			children = (
				CEDB30A22838F2EE001AA98E /* Base */,
			);
			name = LaunchScreen.storyboard;
			sourceTree = "<group>";
		};
/* End PBXVariantGroup section */

/* Begin XCBuildConfiguration section */
		CEDB30A52838F2EE001AA98E /* Debug */ = {
			isa = XCBuildConfiguration;
			buildSettings = {
				ALWAYS_SEARCH_USER_PATHS = NO;
				CLANG_ANALYZER_NONNULL = YES;
				CLANG_ANALYZER_NUMBER_OBJECT_CONVERSION = YES_AGGRESSIVE;
				CLANG_CXX_LANGUAGE_STANDARD = "gnu++17";
				CLANG_ENABLE_MODULES = YES;
				CLANG_ENABLE_OBJC_ARC = YES;
				CLANG_ENABLE_OBJC_WEAK = YES;
				CLANG_WARN_BLOCK_CAPTURE_AUTORELEASING = YES;
				CLANG_WARN_BOOL_CONVERSION = YES;
				CLANG_WARN_COMMA = YES;
				CLANG_WARN_CONSTANT_CONVERSION = YES;
				CLANG_WARN_DEPRECATED_OBJC_IMPLEMENTATIONS = YES;
				CLANG_WARN_DIRECT_OBJC_ISA_USAGE = YES_ERROR;
				CLANG_WARN_DOCUMENTATION_COMMENTS = YES;
				CLANG_WARN_EMPTY_BODY = YES;
				CLANG_WARN_ENUM_CONVERSION = YES;
				CLANG_WARN_INFINITE_RECURSION = YES;
				CLANG_WARN_INT_CONVERSION = YES;
				CLANG_WARN_NON_LITERAL_NULL_CONVERSION = YES;
				CLANG_WARN_OBJC_IMPLICIT_RETAIN_SELF = YES;
				CLANG_WARN_OBJC_LITERAL_CONVERSION = YES;
				CLANG_WARN_OBJC_ROOT_CLASS = YES_ERROR;
				CLANG_WARN_QUOTED_INCLUDE_IN_FRAMEWORK_HEADER = YES;
				CLANG_WARN_RANGE_LOOP_ANALYSIS = YES;
				CLANG_WARN_STRICT_PROTOTYPES = YES;
				CLANG_WARN_SUSPICIOUS_MOVE = YES;
				CLANG_WARN_UNGUARDED_AVAILABILITY = YES_AGGRESSIVE;
				CLANG_WARN_UNREACHABLE_CODE = YES;
				CLANG_WARN__DUPLICATE_METHOD_MATCH = YES;
				COPY_PHASE_STRIP = NO;
				DEBUG_INFORMATION_FORMAT = dwarf;
				ENABLE_STRICT_OBJC_MSGSEND = YES;
				ENABLE_TESTABILITY = YES;
				GCC_C_LANGUAGE_STANDARD = gnu11;
				GCC_DYNAMIC_NO_PIC = NO;
				GCC_NO_COMMON_BLOCKS = YES;
				GCC_OPTIMIZATION_LEVEL = 0;
				GCC_PREPROCESSOR_DEFINITIONS = (
					"DEBUG=1",
					"$(inherited)",
				);
				GCC_WARN_64_TO_32_BIT_CONVERSION = YES;
				GCC_WARN_ABOUT_RETURN_TYPE = YES_ERROR;
				GCC_WARN_UNDECLARED_SELECTOR = YES;
				GCC_WARN_UNINITIALIZED_AUTOS = YES_AGGRESSIVE;
				GCC_WARN_UNUSED_FUNCTION = YES;
				GCC_WARN_UNUSED_VARIABLE = YES;
				IPHONEOS_DEPLOYMENT_TARGET = 15.4;
				MTL_ENABLE_DEBUG_INFO = INCLUDE_SOURCE;
				MTL_FAST_MATH = YES;
				ONLY_ACTIVE_ARCH = YES;
				SDKROOT = iphoneos;
				SWIFT_ACTIVE_COMPILATION_CONDITIONS = DEBUG;
				SWIFT_OPTIMIZATION_LEVEL = "-Onone";
			};
			name = Debug;
		};
		CEDB30A62838F2EE001AA98E /* Release */ = {
			isa = XCBuildConfiguration;
			buildSettings = {
				ALWAYS_SEARCH_USER_PATHS = NO;
				CLANG_ANALYZER_NONNULL = YES;
				CLANG_ANALYZER_NUMBER_OBJECT_CONVERSION = YES_AGGRESSIVE;
				CLANG_CXX_LANGUAGE_STANDARD = "gnu++17";
				CLANG_ENABLE_MODULES = YES;
				CLANG_ENABLE_OBJC_ARC = YES;
				CLANG_ENABLE_OBJC_WEAK = YES;
				CLANG_WARN_BLOCK_CAPTURE_AUTORELEASING = YES;
				CLANG_WARN_BOOL_CONVERSION = YES;
				CLANG_WARN_COMMA = YES;
				CLANG_WARN_CONSTANT_CONVERSION = YES;
				CLANG_WARN_DEPRECATED_OBJC_IMPLEMENTATIONS = YES;
				CLANG_WARN_DIRECT_OBJC_ISA_USAGE = YES_ERROR;
				CLANG_WARN_DOCUMENTATION_COMMENTS = YES;
				CLANG_WARN_EMPTY_BODY = YES;
				CLANG_WARN_ENUM_CONVERSION = YES;
				CLANG_WARN_INFINITE_RECURSION = YES;
				CLANG_WARN_INT_CONVERSION = YES;
				CLANG_WARN_NON_LITERAL_NULL_CONVERSION = YES;
				CLANG_WARN_OBJC_IMPLICIT_RETAIN_SELF = YES;
				CLANG_WARN_OBJC_LITERAL_CONVERSION = YES;
				CLANG_WARN_OBJC_ROOT_CLASS = YES_ERROR;
				CLANG_WARN_QUOTED_INCLUDE_IN_FRAMEWORK_HEADER = YES;
				CLANG_WARN_RANGE_LOOP_ANALYSIS = YES;
				CLANG_WARN_STRICT_PROTOTYPES = YES;
				CLANG_WARN_SUSPICIOUS_MOVE = YES;
				CLANG_WARN_UNGUARDED_AVAILABILITY = YES_AGGRESSIVE;
				CLANG_WARN_UNREACHABLE_CODE = YES;
				CLANG_WARN__DUPLICATE_METHOD_MATCH = YES;
				COPY_PHASE_STRIP = NO;
				DEBUG_INFORMATION_FORMAT = "dwarf-with-dsym";
				ENABLE_NS_ASSERTIONS = NO;
				ENABLE_STRICT_OBJC_MSGSEND = YES;
				GCC_C_LANGUAGE_STANDARD = gnu11;
				GCC_NO_COMMON_BLOCKS = YES;
				GCC_WARN_64_TO_32_BIT_CONVERSION = YES;
				GCC_WARN_ABOUT_RETURN_TYPE = YES_ERROR;
				GCC_WARN_UNDECLARED_SELECTOR = YES;
				GCC_WARN_UNINITIALIZED_AUTOS = YES_AGGRESSIVE;
				GCC_WARN_UNUSED_FUNCTION = YES;
				GCC_WARN_UNUSED_VARIABLE = YES;
				IPHONEOS_DEPLOYMENT_TARGET = 15.4;
				MTL_ENABLE_DEBUG_INFO = NO;
				MTL_FAST_MATH = YES;
				SDKROOT = iphoneos;
				SWIFT_COMPILATION_MODE = wholemodule;
				SWIFT_OPTIMIZATION_LEVEL = "-O";
				VALIDATE_PRODUCT = YES;
			};
			name = Release;
		};
		CEDB30A82838F2EE001AA98E /* Debug */ = {
			isa = XCBuildConfiguration;
			buildSettings = {
				ASSETCATALOG_COMPILER_APPICON_NAME = AppIcon;
				ASSETCATALOG_COMPILER_GLOBAL_ACCENT_COLOR_NAME = AccentColor;
				CODE_SIGN_STYLE = Automatic;
				CURRENT_PROJECT_VERSION = 1;
				DEVELOPMENT_TEAM = NYBC469U45;
				GENERATE_INFOPLIST_FILE = YES;
				INFOPLIST_FILE = PracticeFor7egend/Info.plist;
				INFOPLIST_KEY_UIApplicationSupportsIndirectInputEvents = YES;
				INFOPLIST_KEY_UILaunchStoryboardName = LaunchScreen;
				INFOPLIST_KEY_UIMainStoryboardFile = Main;
				INFOPLIST_KEY_UISupportedInterfaceOrientations_iPad = "UIInterfaceOrientationPortrait UIInterfaceOrientationPortraitUpsideDown UIInterfaceOrientationLandscapeLeft UIInterfaceOrientationLandscapeRight";
				INFOPLIST_KEY_UISupportedInterfaceOrientations_iPhone = "UIInterfaceOrientationPortrait UIInterfaceOrientationLandscapeLeft UIInterfaceOrientationLandscapeRight";
				IPHONEOS_DEPLOYMENT_TARGET = 14.0;
				LD_RUNPATH_SEARCH_PATHS = (
					"$(inherited)",
					"@executable_path/Frameworks",
				);
				MARKETING_VERSION = 1.0;
				PRODUCT_BUNDLE_IDENTIFIER = com.chuvashov.PracticeFor7egend;
				PRODUCT_NAME = "$(TARGET_NAME)";
				SWIFT_EMIT_LOC_STRINGS = YES;
				SWIFT_VERSION = 5.0;
				TARGETED_DEVICE_FAMILY = "1,2";
			};
			name = Debug;
		};
		CEDB30A92838F2EE001AA98E /* Release */ = {
			isa = XCBuildConfiguration;
			buildSettings = {
				ASSETCATALOG_COMPILER_APPICON_NAME = AppIcon;
				ASSETCATALOG_COMPILER_GLOBAL_ACCENT_COLOR_NAME = AccentColor;
				CODE_SIGN_STYLE = Automatic;
				CURRENT_PROJECT_VERSION = 1;
				DEVELOPMENT_TEAM = NYBC469U45;
				GENERATE_INFOPLIST_FILE = YES;
				INFOPLIST_FILE = PracticeFor7egend/Info.plist;
				INFOPLIST_KEY_UIApplicationSupportsIndirectInputEvents = YES;
				INFOPLIST_KEY_UILaunchStoryboardName = LaunchScreen;
				INFOPLIST_KEY_UIMainStoryboardFile = Main;
				INFOPLIST_KEY_UISupportedInterfaceOrientations_iPad = "UIInterfaceOrientationPortrait UIInterfaceOrientationPortraitUpsideDown UIInterfaceOrientationLandscapeLeft UIInterfaceOrientationLandscapeRight";
				INFOPLIST_KEY_UISupportedInterfaceOrientations_iPhone = "UIInterfaceOrientationPortrait UIInterfaceOrientationLandscapeLeft UIInterfaceOrientationLandscapeRight";
				IPHONEOS_DEPLOYMENT_TARGET = 14.0;
				LD_RUNPATH_SEARCH_PATHS = (
					"$(inherited)",
					"@executable_path/Frameworks",
				);
				MARKETING_VERSION = 1.0;
				PRODUCT_BUNDLE_IDENTIFIER = com.chuvashov.PracticeFor7egend;
				PRODUCT_NAME = "$(TARGET_NAME)";
				SWIFT_EMIT_LOC_STRINGS = YES;
				SWIFT_VERSION = 5.0;
				TARGETED_DEVICE_FAMILY = "1,2";
			};
			name = Release;
		};
/* End XCBuildConfiguration section */

/* Begin XCConfigurationList section */
		CEDB308E2838F2EC001AA98E /* Build configuration list for PBXProject "PracticeFor7egend" */ = {
			isa = XCConfigurationList;
			buildConfigurations = (
				CEDB30A52838F2EE001AA98E /* Debug */,
				CEDB30A62838F2EE001AA98E /* Release */,
			);
			defaultConfigurationIsVisible = 0;
			defaultConfigurationName = Release;
		};
		CEDB30A72838F2EE001AA98E /* Build configuration list for PBXNativeTarget "PracticeFor7egend" */ = {
			isa = XCConfigurationList;
			buildConfigurations = (
				CEDB30A82838F2EE001AA98E /* Debug */,
				CEDB30A92838F2EE001AA98E /* Release */,
			);
			defaultConfigurationIsVisible = 0;
			defaultConfigurationName = Release;
		};
/* End XCConfigurationList section */
	};
	rootObject = CEDB308B2838F2EC001AA98E /* Project object */;
}
